
Microsoft Visual Studio Solution File, Format Version 12.00
# Visual Studio Version 17
VisualStudioVersion = 17.0.31903.59
MinimumVisualStudioVersion = 10.0.40219.1
Project("{FAE04EC0-301F-11D3-BF4B-00C04F79EFBC}") = "UniBidi", "UniBidi\UniBidi.csproj", "{13C51B6F-EE8C-47A9-880F-8A474F46CD1A}"
EndProject
Project("{FAE04EC0-301F-11D3-BF4B-00C04F79EFBC}") = "UniBidiTests", "UniBidiTests\UniBidiTests.csproj", "{8D6354D4-42B9-42DE-80A4-7430B176AD86}"
EndProject
Global
	GlobalSection(SolutionConfigurationPlatforms) = preSolution
		Debug|Any CPU = Debug|Any CPU
		Release|Any CPU = Release|Any CPU
	EndGlobalSection
	GlobalSection(SolutionProperties) = preSolution
		HideSolutionNode = FALSE
	EndGlobalSection
	GlobalSection(ProjectConfigurationPlatforms) = postSolution
		{13C51B6F-EE8C-47A9-880F-8A474F46CD1A}.Debug|Any CPU.ActiveCfg = Debug|Any CPU
		{13C51B6F-EE8C-47A9-880F-8A474F46CD1A}.Debug|Any CPU.Build.0 = Debug|Any CPU
		{13C51B6F-EE8C-47A9-880F-8A474F46CD1A}.Release|Any CPU.ActiveCfg = Release|Any CPU
		{13C51B6F-EE8C-47A9-880F-8A474F46CD1A}.Release|Any CPU.Build.0 = Release|Any CPU
		{8D6354D4-42B9-42DE-80A4-7430B176AD86}.Debug|Any CPU.ActiveCfg = Debug|Any CPU
		{8D6354D4-42B9-42DE-80A4-7430B176AD86}.Debug|Any CPU.Build.0 = Debug|Any CPU
		{8D6354D4-42B9-42DE-80A4-7430B176AD86}.Release|Any CPU.ActiveCfg = Release|Any CPU
		{8D6354D4-42B9-42DE-80A4-7430B176AD86}.Release|Any CPU.Build.0 = Release|Any CPU
	EndGlobalSection
EndGlobal
